
Microsoft Visual Studio Solution File, Format Version 12.00
# Visual Studio 15
VisualStudioVersion = 15.0.27130.2010
MinimumVisualStudioVersion = 10.0.40219.1
Project("{FAE04EC0-301F-11D3-BF4B-00C04F79EFBC}") = "HomeAutio.Mqtt.Core", "HomeAutio.Mqtt.Core\HomeAutio.Mqtt.Core.csproj", "{8AF482A3-C430-4DC3-8B18-ABBAE128C3CD}"
EndProject
Global
	GlobalSection(SolutionConfigurationPlatforms) = preSolution
		Debug|Any CPU = Debug|Any CPU
		Release|Any CPU = Release|Any CPU
	EndGlobalSection
	GlobalSection(ProjectConfigurationPlatforms) = postSolution
		{8AF482A3-C430-4DC3-8B18-ABBAE128C3CD}.Debug|Any CPU.ActiveCfg = Debug|Any CPU
		{8AF482A3-C430-4DC3-8B18-ABBAE128C3CD}.Debug|Any CPU.Build.0 = Debug|Any CPU
		{8AF482A3-C430-4DC3-8B18-ABBAE128C3CD}.Release|Any CPU.ActiveCfg = Release|Any CPU
		{8AF482A3-C430-4DC3-8B18-ABBAE128C3CD}.Release|Any CPU.Build.0 = Release|Any CPU
	EndGlobalSection
	GlobalSection(SolutionProperties) = preSolution
		HideSolutionNode = FALSE
	EndGlobalSection
	GlobalSection(ExtensibilityGlobals) = postSolution
		SolutionGuid = {3BF395CF-6F7B-43D8-A508-C1F22F0B86BC}
	EndGlobalSection
EndGlobal
